
Microsoft Visual Studio Solution File, Format Version 12.00
# Visual Studio Version 17
VisualStudioVersion = 17.3.32825.248
MinimumVisualStudioVersion = 10.0.40219.1
Project("{FAE04EC0-301F-11D3-BF4B-00C04F79EFBC}") = "simpleDemo", "simpleDemo\simpleDemo.csproj", "{99809253-B9AF-4834-A0CF-44A213A939CD}"
EndProject
Global
	GlobalSection(SolutionConfigurationPlatforms) = preSolution
		Debug|Any CPU = Debug|Any CPU
		Release|Any CPU = Release|Any CPU
	EndGlobalSection
	GlobalSection(ProjectConfigurationPlatforms) = postSolution
		{99809253-B9AF-4834-A0CF-44A213A939CD}.Debug|Any CPU.ActiveCfg = Debug|Any CPU
		{99809253-B9AF-4834-A0CF-44A213A939CD}.Debug|Any CPU.Build.0 = Debug|Any CPU
		{99809253-B9AF-4834-A0CF-44A213A939CD}.Release|Any CPU.ActiveCfg = Release|Any CPU
		{99809253-B9AF-4834-A0CF-44A213A939CD}.Release|Any CPU.Build.0 = Release|Any CPU
	EndGlobalSection
	GlobalSection(SolutionProperties) = preSolution
		HideSolutionNode = FALSE
	EndGlobalSection
	GlobalSection(ExtensibilityGlobals) = postSolution
		SolutionGuid = {0CE853DB-B0DC-4C03-AC77-020725523294}
	EndGlobalSection
EndGlobal
